lockfileVersion: '9.0'

settings:
  autoInstallPeers: true
  excludeLinksFromLockfile: false

importers:

  .:
    dependencies:
      clsx:
        specifier: ^2.1.1
        version: 2.1.1
      framer-motion:
        specifier: ^12.29.0
        version: 12.29.0
      tailwind-merge:
        specifier: ^3.4.0
        version: 3.4.0

packages:

  clsx@2.1.1:
    resolution: {integrity: sha512-eYm0QWBtUrBWZWG0d386OGAw16Z995PiOVo2B7bjWSbHedGl5e0ZWaq65kOGgUSNesEIDkB9ISbTg/JK9dhCZA==}
    engines: {node: '>=6'}

  framer-motion@12.29.0:
    resolution: {integrity: sha512-1gEFGXHYV2BD42ZPTFmSU9buehppU+bCuOnHU0AD18DKh9j4DuTx47MvqY5ax+NNWRtK32qIcJf1UxKo1WwjWg==}
    peerDependencies:
      '@emotion/is-prop-valid': '*'
      react: ^18.0.0 || ^19.0.0
      react-dom: ^18.0.0 || ^19.0.0
    peerDependenciesMeta:
      '@emotion/is-prop-valid':
        optional: true
      react:
        optional: true
      react-dom:
        optional: true

  motion-dom@12.29.0:
    resolution: {integrity: sha512-3eiz9bb32yvY8Q6XNM4AwkSOBPgU//EIKTZwsSWgA9uzbPBhZJeScCVcBuwwYVqhfamewpv7ZNmVKTGp5qnzkA==}

  motion-utils@12.27.2:
    resolution: {integrity: sha512-B55gcoL85Mcdt2IEStY5EEAsrMSVE2sI14xQ/uAdPL+mfQxhKKFaEag9JmfxedJOR4vZpBGoPeC/Gm13I/4g5Q==}

  tailwind-merge@3.4.0:
    resolution: {integrity: sha512-uSaO4gnW+b3Y2aWoWfFpX62vn2sR3skfhbjsEnaBI81WD1wBLlHZe5sWf0AqjksNdYTbGBEd0UasQMT3SNV15g==}

  tslib@2.8.1:
    resolution: {integrity: sha512-oJFu94HQb+KVduSUQL7wnpmqnfmLsOA/nAh6b6EH0wCEoK0/mPeXU6c3wKDV83MkOuHPRHtSXKKU99IBazS/2w==}

snapshots:

  clsx@2.1.1: {}

  framer-motion@12.29.0:
    dependencies:
      motion-dom: 12.29.0
      motion-utils: 12.27.2
      tslib: 2.8.1

  motion-dom@12.29.0:
    dependencies:
      motion-utils: 12.27.2

  motion-utils@12.27.2: {}

  tailwind-merge@3.4.0: {}

  tslib@2.8.1: {}
